// !$*UTF8*$!
{
	archiveVersion = 1;
	classes = {
	};
	objectVersion = 56;
	objects = {

/* Begin PBXBuildFile section */
		98E02E022B73B98C003C3355 /* UniForexQuizApp.swift in Sources */ = {isa = PBXBuildFile; fileRef = 98E02E012B73B98C003C3355 /* UniForexQuizApp.swift */; };
		98E02E042B73B98C003C3355 /* WelcomeView.swift in Sources */ = {isa = PBXBuildFile; fileRef = 98E02E032B73B98C003C3355 /* WelcomeView.swift */; };
		98E02E062B73B98D003C3355 /* Assets.xcassets in Resources */ = {isa = PBXBuildFile; fileRef = 98E02E052B73B98D003C3355 /* Assets.xcassets */; };
		98E02E092B73B98D003C3355 /* Preview Assets.xcassets in Resources */ = {isa = PBXBuildFile; fileRef = 98E02E082B73B98D003C3355 /* Preview Assets.xcassets */; };
		98E02E122B73B9F2003C3355 /* LoadingView.swift in Sources */ = {isa = PBXBuildFile; fileRef = 98E02E112B73B9F2003C3355 /* LoadingView.swift */; };
		98E02E142B73BB5E003C3355 /* Launch Screen.storyboard in Resources */ = {isa = PBXBuildFile; fileRef = 98E02E132B73BB5E003C3355 /* Launch Screen.storyboard */; };
		98E02E162B73C1A8003C3355 /* NavView.swift in Sources */ = {isa = PBXBuildFile; fileRef = 98E02E152B73C1A8003C3355 /* NavView.swift */; };
		98E02E192B73C278003C3355 /* AllOnboardingViews.swift in Sources */ = {isa = PBXBuildFile; fileRef = 98E02E182B73C278003C3355 /* AllOnboardingViews.swift */; };
		98E02E1B2B73C2E2003C3355 /* OnBoarding1.swift in Sources */ = {isa = PBXBuildFile; fileRef = 98E02E1A2B73C2E2003C3355 /* OnBoarding1.swift */; };
		98E02E262B73C833003C3355 /* OnBoarding2.swift in Sources */ = {isa = PBXBuildFile; fileRef = 98E02E252B73C833003C3355 /* OnBoarding2.swift */; };
		98E02E282B73CAE6003C3355 /* OnBoarding3.swift in Sources */ = {isa = PBXBuildFile; fileRef = 98E02E272B73CAE6003C3355 /* OnBoarding3.swift */; };
		98E02E2A2B73CB76003C3355 /* OnBoarding4.swift in Sources */ = {isa = PBXBuildFile; fileRef = 98E02E292B73CB76003C3355 /* OnBoarding4.swift */; };
		98E02E2C2B73CC44003C3355 /* OnBoarding5.swift in Sources */ = {isa = PBXBuildFile; fileRef = 98E02E2B2B73CC44003C3355 /* OnBoarding5.swift */; };
		98E02E2E2B77844B003C3355 /* ProgressPage.swift in Sources */ = {isa = PBXBuildFile; fileRef = 98E02E2D2B77844B003C3355 /* ProgressPage.swift */; };
		98E02E302B778454003C3355 /* QuizPage.swift in Sources */ = {isa = PBXBuildFile; fileRef = 98E02E2F2B778454003C3355 /* QuizPage.swift */; };
		98E02E322B77845B003C3355 /* ProfilePage.swift in Sources */ = {isa = PBXBuildFile; fileRef = 98E02E312B77845B003C3355 /* ProfilePage.swift */; };
		98E02E352B77848B003C3355 /* NavTabBar.swift in Sources */ = {isa = PBXBuildFile; fileRef = 98E02E342B77848B003C3355 /* NavTabBar.swift */; };
		98E02E372B778B87003C3355 /* QuizRow.swift in Sources */ = {isa = PBXBuildFile; fileRef = 98E02E362B778B87003C3355 /* QuizRow.swift */; };
		98E02E3A2B778F2D003C3355 /* BasicQuiz.swift in Sources */ = {isa = PBXBuildFile; fileRef = 98E02E392B778F2D003C3355 /* BasicQuiz.swift */; };
		98E02E3C2B778F39003C3355 /* AdvancedQuiz.swift in Sources */ = {isa = PBXBuildFile; fileRef = 98E02E3B2B778F39003C3355 /* AdvancedQuiz.swift */; };
		98E02E3E2B778F44003C3355 /* Glossary.swift in Sources */ = {isa = PBXBuildFile; fileRef = 98E02E3D2B778F44003C3355 /* Glossary.swift */; };
		98E02E402B77964F003C3355 /* ProgressTriangle.swift in Sources */ = {isa = PBXBuildFile; fileRef = 98E02E3F2B77964F003C3355 /* ProgressTriangle.swift */; };
		98E02E422B7CCF13003C3355 /* QuizModels.swift in Sources */ = {isa = PBXBuildFile; fileRef = 98E02E412B7CCF13003C3355 /* QuizModels.swift */; };
		98E02E462B7CCFDF003C3355 /* BasicQuizVM.swift in Sources */ = {isa = PBXBuildFile; fileRef = 98E02E452B7CCFDF003C3355 /* BasicQuizVM.swift */; };
		98E02E482B7CD1E6003C3355 /* BasicQuestionPage.swift in Sources */ = {isa = PBXBuildFile; fileRef = 98E02E472B7CD1E6003C3355 /* BasicQuestionPage.swift */; };
		98E02E4A2B7CD330003C3355 /* QuizLine.swift in Sources */ = {isa = PBXBuildFile; fileRef = 98E02E492B7CD330003C3355 /* QuizLine.swift */; };
		98E02E4C2B7E3430003C3355 /* CustomAlertView.swift in Sources */ = {isa = PBXBuildFile; fileRef = 98E02E4B2B7E3430003C3355 /* CustomAlertView.swift */; };
		98E02E4E2B7E455C003C3355 /* AdvancedQuestionPage.swift in Sources */ = {isa = PBXBuildFile; fileRef = 98E02E4D2B7E455C003C3355 /* AdvancedQuestionPage.swift */; };
		98E02E502B7E45FA003C3355 /* AdvancedQuizVM.swift in Sources */ = {isa = PBXBuildFile; fileRef = 98E02E4F2B7E45FA003C3355 /* AdvancedQuizVM.swift */; };
		98E02E522B7E7258003C3355 /* GlossQuizVM.swift in Sources */ = {isa = PBXBuildFile; fileRef = 98E02E512B7E7258003C3355 /* GlossQuizVM.swift */; };
		98E02E542B7E72AD003C3355 /* GlossQuestionPage.swift in Sources */ = {isa = PBXBuildFile; fileRef = 98E02E532B7E72AD003C3355 /* GlossQuestionPage.swift */; };
		98E02E562B7E81C0003C3355 /* AchievmentsVM.swift in Sources */ = {isa = PBXBuildFile; fileRef = 98E02E552B7E81C0003C3355 /* AchievmentsVM.swift */; };
		98E02E582B7E81F0003C3355 /* AchievmentsModel.swift in Sources */ = {isa = PBXBuildFile; fileRef = 98E02E572B7E81F0003C3355 /* AchievmentsModel.swift */; };
		98E02E5A2B7E9541003C3355 /* ImagePicker.swift in Sources */ = {isa = PBXBuildFile; fileRef = 98E02E592B7E9541003C3355 /* ImagePicker.swift */; };
/* End PBXBuildFile section */

/* Begin PBXFileReference section */
		98E02DFE2B73B98C003C3355 /* UniForexQuiz.app */ = {isa = PBXFileReference; explicitFileType = wrapper.application; includeInIndex = 0; path = UniForexQuiz.app; sourceTree = BUILT_PRODUCTS_DIR; };
		98E02E012B73B98C003C3355 /* UniForexQuizApp.swift */ = {isa = PBXFileReference; lastKnownFileType = sourcecode.swift; path = UniForexQuizApp.swift; sourceTree = "<group>"; };
		98E02E032B73B98C003C3355 /* WelcomeView.swift */ = {isa = PBXFileReference; lastKnownFileType = sourcecode.swift; path = WelcomeView.swift; sourceTree = "<group>"; };
		98E02E052B73B98D003C3355 /* Assets.xcassets */ = {isa = PBXFileReference; lastKnownFileType = folder.assetcatalog; path = Assets.xcassets; sourceTree = "<group>"; };
		98E02E082B73B98D003C3355 /* Preview Assets.xcassets */ = {isa = PBXFileReference; lastKnownFileType = folder.assetcatalog; path = "Preview Assets.xcassets"; sourceTree = "<group>"; };
		98E02E112B73B9F2003C3355 /* LoadingView.swift */ = {isa = PBXFileReference; lastKnownFileType = sourcecode.swift; path = LoadingView.swift; sourceTree = "<group>"; };
		98E02E132B73BB5E003C3355 /* Launch Screen.storyboard */ = {isa = PBXFileReference; lastKnownFileType = file.storyboard; path = "Launch Screen.storyboard"; sourceTree = "<group>"; };
		98E02E152B73C1A8003C3355 /* NavView.swift */ = {isa = PBXFileReference; lastKnownFileType = sourcecode.swift; path = NavView.swift; sourceTree = "<group>"; };
		98E02E182B73C278003C3355 /* AllOnboardingViews.swift */ = {isa = PBXFileReference; lastKnownFileType = sourcecode.swift; path = AllOnboardingViews.swift; sourceTree = "<group>"; };
		98E02E1A2B73C2E2003C3355 /* OnBoarding1.swift */ = {isa = PBXFileReference; lastKnownFileType = sourcecode.swift; path = OnBoarding1.swift; sourceTree = "<group>"; };
		98E02E1C2B73C38A003C3355 /* Info.plist */ = {isa = PBXFileReference; lastKnownFileType = text.plist; path = Info.plist; sourceTree = "<group>"; };
		98E02E252B73C833003C3355 /* OnBoarding2.swift */ = {isa = PBXFileReference; lastKnownFileType = sourcecode.swift; path = OnBoarding2.swift; sourceTree = "<group>"; };
		98E02E272B73CAE6003C3355 /* OnBoarding3.swift */ = {isa = PBXFileReference; lastKnownFileType = sourcecode.swift; path = OnBoarding3.swift; sourceTree = "<group>"; };
		98E02E292B73CB76003C3355 /* OnBoarding4.swift */ = {isa = PBXFileReference; lastKnownFileType = sourcecode.swift; path = OnBoarding4.swift; sourceTree = "<group>"; };
		98E02E2B2B73CC44003C3355 /* OnBoarding5.swift */ = {isa = PBXFileReference; lastKnownFileType = sourcecode.swift; path = OnBoarding5.swift; sourceTree = "<group>"; };
		98E02E2D2B77844B003C3355 /* ProgressPage.swift */ = {isa = PBXFileReference; lastKnownFileType = sourcecode.swift; path = ProgressPage.swift; sourceTree = "<group>"; };
		98E02E2F2B778454003C3355 /* QuizPage.swift */ = {isa = PBXFileReference; lastKnownFileType = sourcecode.swift; path = QuizPage.swift; sourceTree = "<group>"; };
		98E02E312B77845B003C3355 /* ProfilePage.swift */ = {isa = PBXFileReference; lastKnownFileType = sourcecode.swift; path = ProfilePage.swift; sourceTree = "<group>"; };
		98E02E342B77848B003C3355 /* NavTabBar.swift */ = {isa = PBXFileReference; lastKnownFileType = sourcecode.swift; path = NavTabBar.swift; sourceTree = "<group>"; };
		98E02E362B778B87003C3355 /* QuizRow.swift */ = {isa = PBXFileReference; lastKnownFileType = sourcecode.swift; path = QuizRow.swift; sourceTree = "<group>"; };
		98E02E392B778F2D003C3355 /* BasicQuiz.swift */ = {isa = PBXFileReference; lastKnownFileType = sourcecode.swift; path = BasicQuiz.swift; sourceTree = "<group>"; };
		98E02E3B2B778F39003C3355 /* AdvancedQuiz.swift */ = {isa = PBXFileReference; lastKnownFileType = sourcecode.swift; path = AdvancedQuiz.swift; sourceTree = "<group>"; };
		98E02E3D2B778F44003C3355 /* Glossary.swift */ = {isa = PBXFileReference; lastKnownFileType = sourcecode.swift; path = Glossary.swift; sourceTree = "<group>"; };
		98E02E3F2B77964F003C3355 /* ProgressTriangle.swift */ = {isa = PBXFileReference; lastKnownFileType = sourcecode.swift; path = ProgressTriangle.swift; sourceTree = "<group>"; };
		98E02E412B7CCF13003C3355 /* QuizModels.swift */ = {isa = PBXFileReference; lastKnownFileType = sourcecode.swift; path = QuizModels.swift; sourceTree = "<group>"; };
		98E02E452B7CCFDF003C3355 /* BasicQuizVM.swift */ = {isa = PBXFileReference; lastKnownFileType = sourcecode.swift; path = BasicQuizVM.swift; sourceTree = "<group>"; };
		98E02E472B7CD1E6003C3355 /* BasicQuestionPage.swift */ = {isa = PBXFileReference; lastKnownFileType = sourcecode.swift; path = BasicQuestionPage.swift; sourceTree = "<group>"; };
		98E02E492B7CD330003C3355 /* QuizLine.swift */ = {isa = PBXFileReference; lastKnownFileType = sourcecode.swift; path = QuizLine.swift; sourceTree = "<group>"; };
		98E02E4B2B7E3430003C3355 /* CustomAlertView.swift */ = {isa = PBXFileReference; lastKnownFileType = sourcecode.swift; path = CustomAlertView.swift; sourceTree = "<group>"; };
		98E02E4D2B7E455C003C3355 /* AdvancedQuestionPage.swift */ = {isa = PBXFileReference; lastKnownFileType = sourcecode.swift; path = AdvancedQuestionPage.swift; sourceTree = "<group>"; };
		98E02E4F2B7E45FA003C3355 /* AdvancedQuizVM.swift */ = {isa = PBXFileReference; lastKnownFileType = sourcecode.swift; path = AdvancedQuizVM.swift; sourceTree = "<group>"; };
		98E02E512B7E7258003C3355 /* GlossQuizVM.swift */ = {isa = PBXFileReference; lastKnownFileType = sourcecode.swift; path = GlossQuizVM.swift; sourceTree = "<group>"; };
		98E02E532B7E72AD003C3355 /* GlossQuestionPage.swift */ = {isa = PBXFileReference; lastKnownFileType = sourcecode.swift; path = GlossQuestionPage.swift; sourceTree = "<group>"; };
		98E02E552B7E81C0003C3355 /* AchievmentsVM.swift */ = {isa = PBXFileReference; lastKnownFileType = sourcecode.swift; path = AchievmentsVM.swift; sourceTree = "<group>"; };
		98E02E572B7E81F0003C3355 /* AchievmentsModel.swift */ = {isa = PBXFileReference; lastKnownFileType = sourcecode.swift; path = AchievmentsModel.swift; sourceTree = "<group>"; };
		98E02E592B7E9541003C3355 /* ImagePicker.swift */ = {isa = PBXFileReference; lastKnownFileType = sourcecode.swift; path = ImagePicker.swift; sourceTree = "<group>"; };
/* End PBXFileReference section */

/* Begin PBXFrameworksBuildPhase section */
		98E02DFB2B73B98C003C3355 /* Frameworks */ = {
			isa = PBXFrameworksBuildPhase;
			buildActionMask = 2147483647;
			files = (
			);
			runOnlyForDeploymentPostprocessing = 0;
		};
/* End PBXFrameworksBuildPhase section */

/* Begin PBXGroup section */
		98E02DF52B73B98C003C3355 = {
			isa = PBXGroup;
			children = (
				98E02E002B73B98C003C3355 /* UniForexQuiz */,
				98E02DFF2B73B98C003C3355 /* Products */,
			);
			sourceTree = "<group>";
		};
		98E02DFF2B73B98C003C3355 /* Products */ = {
			isa = PBXGroup;
			children = (
				98E02DFE2B73B98C003C3355 /* UniForexQuiz.app */,
			);
			name = Products;
			sourceTree = "<group>";
		};
		98E02E002B73B98C003C3355 /* UniForexQuiz */ = {
			isa = PBXGroup;
			children = (
				98E02E442B7CCFD1003C3355 /* ViewModels */,
				98E02E332B77847D003C3355 /* Elements */,
				98E02E1C2B73C38A003C3355 /* Info.plist */,
				98E02E432B7CCF18003C3355 /* Models */,
				98E02E102B73B9E6003C3355 /* Views */,
				98E02E0F2B73B9DE003C3355 /* Core */,
				98E02E052B73B98D003C3355 /* Assets.xcassets */,
				98E02E072B73B98D003C3355 /* Preview Content */,
				98E02E132B73BB5E003C3355 /* Launch Screen.storyboard */,
			);
			path = UniForexQuiz;
			sourceTree = "<group>";
		};
		98E02E072B73B98D003C3355 /* Preview Content */ = {
			isa = PBXGroup;
			children = (
				98E02E082B73B98D003C3355 /* Preview Assets.xcassets */,
			);
			path = "Preview Content";
			sourceTree = "<group>";
		};
		98E02E0F2B73B9DE003C3355 /* Core */ = {
			isa = PBXGroup;
			children = (
				98E02E012B73B98C003C3355 /* UniForexQuizApp.swift */,
			);
			path = Core;
			sourceTree = "<group>";
		};
		98E02E102B73B9E6003C3355 /* Views */ = {
			isa = PBXGroup;
			children = (
				98E02E382B778F19003C3355 /* Quiz */,
				98E02E172B73C245003C3355 /* Onboarding */,
				98E02E032B73B98C003C3355 /* WelcomeView.swift */,
				98E02E112B73B9F2003C3355 /* LoadingView.swift */,
				98E02E152B73C1A8003C3355 /* NavView.swift */,
				98E02E2D2B77844B003C3355 /* ProgressPage.swift */,
				98E02E312B77845B003C3355 /* ProfilePage.swift */,
			);
			path = Views;
			sourceTree = "<group>";
		};
		98E02E172B73C245003C3355 /* Onboarding */ = {
			isa = PBXGroup;
			children = (
				98E02E182B73C278003C3355 /* AllOnboardingViews.swift */,
				98E02E1A2B73C2E2003C3355 /* OnBoarding1.swift */,
				98E02E252B73C833003C3355 /* OnBoarding2.swift */,
				98E02E272B73CAE6003C3355 /* OnBoarding3.swift */,
				98E02E292B73CB76003C3355 /* OnBoarding4.swift */,
				98E02E2B2B73CC44003C3355 /* OnBoarding5.swift */,
			);
			path = Onboarding;
			sourceTree = "<group>";
		};
		98E02E332B77847D003C3355 /* Elements */ = {
			isa = PBXGroup;
			children = (
				98E02E342B77848B003C3355 /* NavTabBar.swift */,
				98E02E362B778B87003C3355 /* QuizRow.swift */,
				98E02E3F2B77964F003C3355 /* ProgressTriangle.swift */,
				98E02E492B7CD330003C3355 /* QuizLine.swift */,
				98E02E4B2B7E3430003C3355 /* CustomAlertView.swift */,
				98E02E592B7E9541003C3355 /* ImagePicker.swift */,
			);
			path = Elements;
			sourceTree = "<group>";
		};
		98E02E382B778F19003C3355 /* Quiz */ = {
			isa = PBXGroup;
			children = (
				98E02E2F2B778454003C3355 /* QuizPage.swift */,
				98E02E392B778F2D003C3355 /* BasicQuiz.swift */,
				98E02E3B2B778F39003C3355 /* AdvancedQuiz.swift */,
				98E02E3D2B778F44003C3355 /* Glossary.swift */,
				98E02E472B7CD1E6003C3355 /* BasicQuestionPage.swift */,
				98E02E4D2B7E455C003C3355 /* AdvancedQuestionPage.swift */,
				98E02E532B7E72AD003C3355 /* GlossQuestionPage.swift */,
			);
			path = Quiz;
			sourceTree = "<group>";
		};
		98E02E432B7CCF18003C3355 /* Models */ = {
			isa = PBXGroup;
			children = (
				98E02E412B7CCF13003C3355 /* QuizModels.swift */,
				98E02E572B7E81F0003C3355 /* AchievmentsModel.swift */,
			);
			path = Models;
			sourceTree = "<group>";
		};
		98E02E442B7CCFD1003C3355 /* ViewModels */ = {
			isa = PBXGroup;
			children = (
				98E02E452B7CCFDF003C3355 /* BasicQuizVM.swift */,
				98E02E4F2B7E45FA003C3355 /* AdvancedQuizVM.swift */,
				98E02E512B7E7258003C3355 /* GlossQuizVM.swift */,
				98E02E552B7E81C0003C3355 /* AchievmentsVM.swift */,
			);
			path = ViewModels;
			sourceTree = "<group>";
		};
/* End PBXGroup section */

/* Begin PBXNativeTarget section */
		98E02DFD2B73B98C003C3355 /* UniForexQuiz */ = {
			isa = PBXNativeTarget;
			buildConfigurationList = 98E02E0C2B73B98D003C3355 /* Build configuration list for PBXNativeTarget "UniForexQuiz" */;
			buildPhases = (
				98E02DFA2B73B98C003C3355 /* Sources */,
				98E02DFB2B73B98C003C3355 /* Frameworks */,
				98E02DFC2B73B98C003C3355 /* Resources */,
			);
			buildRules = (
			);
			dependencies = (
			);
			name = UniForexQuiz;
			productName = UniForexQuiz;
			productReference = 98E02DFE2B73B98C003C3355 /* UniForexQuiz.app */;
			productType = "com.apple.product-type.application";
		};
/* End PBXNativeTarget section */

/* Begin PBXProject section */
		98E02DF62B73B98C003C3355 /* Project object */ = {
			isa = PBXProject;
			attributes = {
				BuildIndependentTargetsInParallel = 1;
				LastSwiftUpdateCheck = 1510;
				LastUpgradeCheck = 1510;
				TargetAttributes = {
					98E02DFD2B73B98C003C3355 = {
						CreatedOnToolsVersion = 15.1;
					};
				};
			};
			buildConfigurationList = 98E02DF92B73B98C003C3355 /* Build configuration list for PBXProject "UniForexQuiz" */;
			compatibilityVersion = "Xcode 14.0";
			developmentRegion = en;
			hasScannedForEncodings = 0;
			knownRegions = (
				en,
				Base,
			);
			mainGroup = 98E02DF52B73B98C003C3355;
			productRefGroup = 98E02DFF2B73B98C003C3355 /* Products */;
			projectDirPath = "";
			projectRoot = "";
			targets = (
				98E02DFD2B73B98C003C3355 /* UniForexQuiz */,
			);
		};
/* End PBXProject section */

/* Begin PBXResourcesBuildPhase section */
		98E02DFC2B73B98C003C3355 /* Resources */ = {
			isa = PBXResourcesBuildPhase;
			buildActionMask = 2147483647;
			files = (
				98E02E142B73BB5E003C3355 /* Launch Screen.storyboard in Resources */,
				98E02E092B73B98D003C3355 /* Preview Assets.xcassets in Resources */,
				98E02E062B73B98D003C3355 /* Assets.xcassets in Resources */,
			);
			runOnlyForDeploymentPostprocessing = 0;
		};
/* End PBXResourcesBuildPhase section */

/* Begin PBXSourcesBuildPhase section */
		98E02DFA2B73B98C003C3355 /* Sources */ = {
			isa = PBXSourcesBuildPhase;
			buildActionMask = 2147483647;
			files = (
				98E02E2A2B73CB76003C3355 /* OnBoarding4.swift in Sources */,
				98E02E1B2B73C2E2003C3355 /* OnBoarding1.swift in Sources */,
				98E02E482B7CD1E6003C3355 /* BasicQuestionPage.swift in Sources */,
				98E02E582B7E81F0003C3355 /* AchievmentsModel.swift in Sources */,
				98E02E402B77964F003C3355 /* ProgressTriangle.swift in Sources */,
				98E02E322B77845B003C3355 /* ProfilePage.swift in Sources */,
				98E02E162B73C1A8003C3355 /* NavView.swift in Sources */,
				98E02E4C2B7E3430003C3355 /* CustomAlertView.swift in Sources */,
				98E02E302B778454003C3355 /* QuizPage.swift in Sources */,
				98E02E3C2B778F39003C3355 /* AdvancedQuiz.swift in Sources */,
				98E02E3A2B778F2D003C3355 /* BasicQuiz.swift in Sources */,
				98E02E282B73CAE6003C3355 /* OnBoarding3.swift in Sources */,
				98E02E562B7E81C0003C3355 /* AchievmentsVM.swift in Sources */,
				98E02E192B73C278003C3355 /* AllOnboardingViews.swift in Sources */,
				98E02E3E2B778F44003C3355 /* Glossary.swift in Sources */,
				98E02E502B7E45FA003C3355 /* AdvancedQuizVM.swift in Sources */,
				98E02E2E2B77844B003C3355 /* ProgressPage.swift in Sources */,
				98E02E372B778B87003C3355 /* QuizRow.swift in Sources */,
				98E02E042B73B98C003C3355 /* WelcomeView.swift in Sources */,
				98E02E2C2B73CC44003C3355 /* OnBoarding5.swift in Sources */,
				98E02E422B7CCF13003C3355 /* QuizModels.swift in Sources */,
				98E02E022B73B98C003C3355 /* UniForexQuizApp.swift in Sources */,
				98E02E262B73C833003C3355 /* OnBoarding2.swift in Sources */,
				98E02E5A2B7E9541003C3355 /* ImagePicker.swift in Sources */,
				98E02E4E2B7E455C003C3355 /* AdvancedQuestionPage.swift in Sources */,
				98E02E522B7E7258003C3355 /* GlossQuizVM.swift in Sources */,
				98E02E542B7E72AD003C3355 /* GlossQuestionPage.swift in Sources */,
				98E02E4A2B7CD330003C3355 /* QuizLine.swift in Sources */,
				98E02E462B7CCFDF003C3355 /* BasicQuizVM.swift in Sources */,
				98E02E122B73B9F2003C3355 /* LoadingView.swift in Sources */,
				98E02E352B77848B003C3355 /* NavTabBar.swift in Sources */,
			);
			runOnlyForDeploymentPostprocessing = 0;
		};
/* End PBXSourcesBuildPhase section */

/* Begin XCBuildConfiguration section */
		98E02E0A2B73B98D003C3355 /* Debug */ = {
			isa = XCBuildConfiguration;
			buildSettings = {
				ALWAYS_SEARCH_USER_PATHS = NO;
				ASSETCATALOG_COMPILER_GENERATE_SWIFT_ASSET_SYMBOL_EXTENSIONS = YES;
				CLANG_ANALYZER_NONNULL = YES;
				CLANG_ANALYZER_NUMBER_OBJECT_CONVERSION = YES_AGGRESSIVE;
				CLANG_CXX_LANGUAGE_STANDARD = "gnu++20";
				CLANG_ENABLE_MODULES = YES;
				CLANG_ENABLE_OBJC_ARC = YES;
				CLANG_ENABLE_OBJC_WEAK = YES;
				CLANG_WARN_BLOCK_CAPTURE_AUTORELEASING = YES;
				CLANG_WARN_BOOL_CONVERSION = YES;
				CLANG_WARN_COMMA = YES;
				CLANG_WARN_CONSTANT_CONVERSION = YES;
				CLANG_WARN_DEPRECATED_OBJC_IMPLEMENTATIONS = YES;
				CLANG_WARN_DIRECT_OBJC_ISA_USAGE = YES_ERROR;
				CLANG_WARN_DOCUMENTATION_COMMENTS = YES;
				CLANG_WARN_EMPTY_BODY = YES;
				CLANG_WARN_ENUM_CONVERSION = YES;
				CLANG_WARN_INFINITE_RECURSION = YES;
				CLANG_WARN_INT_CONVERSION = YES;
				CLANG_WARN_NON_LITERAL_NULL_CONVERSION = YES;
				CLANG_WARN_OBJC_IMPLICIT_RETAIN_SELF = YES;
				CLANG_WARN_OBJC_LITERAL_CONVERSION = YES;
				CLANG_WARN_OBJC_ROOT_CLASS = YES_ERROR;
				CLANG_WARN_QUOTED_INCLUDE_IN_FRAMEWORK_HEADER = YES;
				CLANG_WARN_RANGE_LOOP_ANALYSIS = YES;
				CLANG_WARN_STRICT_PROTOTYPES = YES;
				CLANG_WARN_SUSPICIOUS_MOVE = YES;
				CLANG_WARN_UNGUARDED_AVAILABILITY = YES_AGGRESSIVE;
				CLANG_WARN_UNREACHABLE_CODE = YES;
				CLANG_WARN__DUPLICATE_METHOD_MATCH = YES;
				COPY_PHASE_STRIP = NO;
				DEBUG_INFORMATION_FORMAT = dwarf;
				ENABLE_STRICT_OBJC_MSGSEND = YES;
				ENABLE_TESTABILITY = YES;
				ENABLE_USER_SCRIPT_SANDBOXING = YES;
				GCC_C_LANGUAGE_STANDARD = gnu17;
				GCC_DYNAMIC_NO_PIC = NO;
				GCC_NO_COMMON_BLOCKS = YES;
				GCC_OPTIMIZATION_LEVEL = 0;
				GCC_PREPROCESSOR_DEFINITIONS = (
					"DEBUG=1",
					"$(inherited)",
				);
				GCC_WARN_64_TO_32_BIT_CONVERSION = YES;
				GCC_WARN_ABOUT_RETURN_TYPE = YES_ERROR;
				GCC_WARN_UNDECLARED_SELECTOR = YES;
				GCC_WARN_UNINITIALIZED_AUTOS = YES_AGGRESSIVE;
				GCC_WARN_UNUSED_FUNCTION = YES;
				GCC_WARN_UNUSED_VARIABLE = YES;
				IPHONEOS_DEPLOYMENT_TARGET = 17.0;
				LOCALIZATION_PREFERS_STRING_CATALOGS = YES;
				MTL_ENABLE_DEBUG_INFO = INCLUDE_SOURCE;
				MTL_FAST_MATH = YES;
				ONLY_ACTIVE_ARCH = YES;
				SDKROOT = iphoneos;
				SWIFT_ACTIVE_COMPILATION_CONDITIONS = "DEBUG $(inherited)";
				SWIFT_OPTIMIZATION_LEVEL = "-Onone";
			};
			name = Debug;
		};
		98E02E0B2B73B98D003C3355 /* Release */ = {
			isa = XCBuildConfiguration;
			buildSettings = {
				ALWAYS_SEARCH_USER_PATHS = NO;
				ASSETCATALOG_COMPILER_GENERATE_SWIFT_ASSET_SYMBOL_EXTENSIONS = YES;
				CLANG_ANALYZER_NONNULL = YES;
				CLANG_ANALYZER_NUMBER_OBJECT_CONVERSION = YES_AGGRESSIVE;
				CLANG_CXX_LANGUAGE_STANDARD = "gnu++20";
				CLANG_ENABLE_MODULES = YES;
				CLANG_ENABLE_OBJC_ARC = YES;
				CLANG_ENABLE_OBJC_WEAK = YES;
				CLANG_WARN_BLOCK_CAPTURE_AUTORELEASING = YES;
				CLANG_WARN_BOOL_CONVERSION = YES;
				CLANG_WARN_COMMA = YES;
				CLANG_WARN_CONSTANT_CONVERSION = YES;
				CLANG_WARN_DEPRECATED_OBJC_IMPLEMENTATIONS = YES;
				CLANG_WARN_DIRECT_OBJC_ISA_USAGE = YES_ERROR;
				CLANG_WARN_DOCUMENTATION_COMMENTS = YES;
				CLANG_WARN_EMPTY_BODY = YES;
				CLANG_WARN_ENUM_CONVERSION = YES;
				CLANG_WARN_INFINITE_RECURSION = YES;
				CLANG_WARN_INT_CONVERSION = YES;
				CLANG_WARN_NON_LITERAL_NULL_CONVERSION = YES;
				CLANG_WARN_OBJC_IMPLICIT_RETAIN_SELF = YES;
				CLANG_WARN_OBJC_LITERAL_CONVERSION = YES;
				CLANG_WARN_OBJC_ROOT_CLASS = YES_ERROR;
				CLANG_WARN_QUOTED_INCLUDE_IN_FRAMEWORK_HEADER = YES;
				CLANG_WARN_RANGE_LOOP_ANALYSIS = YES;
				CLANG_WARN_STRICT_PROTOTYPES = YES;
				CLANG_WARN_SUSPICIOUS_MOVE = YES;
				CLANG_WARN_UNGUARDED_AVAILABILITY = YES_AGGRESSIVE;
				CLANG_WARN_UNREACHABLE_CODE = YES;
				CLANG_WARN__DUPLICATE_METHOD_MATCH = YES;
				COPY_PHASE_STRIP = NO;
				DEBUG_INFORMATION_FORMAT = "dwarf-with-dsym";
				ENABLE_NS_ASSERTIONS = NO;
				ENABLE_STRICT_OBJC_MSGSEND = YES;
				ENABLE_USER_SCRIPT_SANDBOXING = YES;
				GCC_C_LANGUAGE_STANDARD = gnu17;
				GCC_NO_COMMON_BLOCKS = YES;
				GCC_WARN_64_TO_32_BIT_CONVERSION = YES;
				GCC_WARN_ABOUT_RETURN_TYPE = YES_ERROR;
				GCC_WARN_UNDECLARED_SELECTOR = YES;
				GCC_WARN_UNINITIALIZED_AUTOS = YES_AGGRESSIVE;
				GCC_WARN_UNUSED_FUNCTION = YES;
				GCC_WARN_UNUSED_VARIABLE = YES;
				IPHONEOS_DEPLOYMENT_TARGET = 17.0;
				LOCALIZATION_PREFERS_STRING_CATALOGS = YES;
				MTL_ENABLE_DEBUG_INFO = NO;
				MTL_FAST_MATH = YES;
				SDKROOT = iphoneos;
				SWIFT_COMPILATION_MODE = wholemodule;
				VALIDATE_PRODUCT = YES;
			};
			name = Release;
		};
		98E02E0D2B73B98D003C3355 /* Debug */ = {
			isa = XCBuildConfiguration;
			buildSettings = {
				ASSETCATALOG_COMPILER_APPICON_NAME = AppIcon;
				ASSETCATALOG_COMPILER_GLOBAL_ACCENT_COLOR_NAME = AccentColor;
				CODE_SIGN_STYLE = Automatic;
				CURRENT_PROJECT_VERSION = 1;
				DEVELOPMENT_ASSET_PATHS = "\"UniForexQuiz/Preview Content\"";
				ENABLE_PREVIEWS = YES;
				GENERATE_INFOPLIST_FILE = YES;
				INFOPLIST_FILE = UniForexQuiz/Info.plist;
				INFOPLIST_KEY_LSApplicationCategoryType = "";
				INFOPLIST_KEY_NSUserTrackingUsageDescription = "Your data will be used to deliver personalized ads";
				INFOPLIST_KEY_UIApplicationSceneManifest_Generation = YES;
				INFOPLIST_KEY_UIApplicationSupportsIndirectInputEvents = YES;
				INFOPLIST_KEY_UILaunchScreen_Generation = YES;
				INFOPLIST_KEY_UILaunchStoryboardName = "Launch Screen.storyboard";
				INFOPLIST_KEY_UISupportedInterfaceOrientations_iPad = "UIInterfaceOrientationPortrait UIInterfaceOrientationPortraitUpsideDown UIInterfaceOrientationLandscapeLeft UIInterfaceOrientationLandscapeRight";
				INFOPLIST_KEY_UISupportedInterfaceOrientations_iPhone = "UIInterfaceOrientationPortrait UIInterfaceOrientationLandscapeLeft UIInterfaceOrientationLandscapeRight";
				LD_RUNPATH_SEARCH_PATHS = (
					"$(inherited)",
					"@executable_path/Frameworks",
				);
				MARKETING_VERSION = 1.0;
				PRODUCT_BUNDLE_IDENTIFIER = Aaaa.UniForexQuiz;
				PRODUCT_NAME = "$(TARGET_NAME)";
				SWIFT_EMIT_LOC_STRINGS = YES;
				SWIFT_VERSION = 5.0;
				TARGETED_DEVICE_FAMILY = "1,2";
			};
			name = Debug;
		};
		98E02E0E2B73B98D003C3355 /* Release */ = {
			isa = XCBuildConfiguration;
			buildSettings = {
				ASSETCATALOG_COMPILER_APPICON_NAME = AppIcon;
				ASSETCATALOG_COMPILER_GLOBAL_ACCENT_COLOR_NAME = AccentColor;
				CODE_SIGN_STYLE = Automatic;
				CURRENT_PROJECT_VERSION = 1;
				DEVELOPMENT_ASSET_PATHS = "\"UniForexQuiz/Preview Content\"";
				ENABLE_PREVIEWS = YES;
				GENERATE_INFOPLIST_FILE = YES;
				INFOPLIST_FILE = UniForexQuiz/Info.plist;
				INFOPLIST_KEY_LSApplicationCategoryType = "";
				INFOPLIST_KEY_NSUserTrackingUsageDescription = "Your data will be used to deliver personalized ads";
				INFOPLIST_KEY_UIApplicationSceneManifest_Generation = YES;
				INFOPLIST_KEY_UIApplicationSupportsIndirectInputEvents = YES;
				INFOPLIST_KEY_UILaunchScreen_Generation = YES;
				INFOPLIST_KEY_UILaunchStoryboardName = "Launch Screen.storyboard";
				INFOPLIST_KEY_UISupportedInterfaceOrientations_iPad = "UIInterfaceOrientationPortrait UIInterfaceOrientationPortraitUpsideDown UIInterfaceOrientationLandscapeLeft UIInterfaceOrientationLandscapeRight";
				INFOPLIST_KEY_UISupportedInterfaceOrientations_iPhone = "UIInterfaceOrientationPortrait UIInterfaceOrientationLandscapeLeft UIInterfaceOrientationLandscapeRight";
				LD_RUNPATH_SEARCH_PATHS = (
					"$(inherited)",
					"@executable_path/Frameworks",
				);
				MARKETING_VERSION = 1.0;
				PRODUCT_BUNDLE_IDENTIFIER = Aaaa.UniForexQuiz;
				PRODUCT_NAME = "$(TARGET_NAME)";
				SWIFT_EMIT_LOC_STRINGS = YES;
				SWIFT_VERSION = 5.0;
				TARGETED_DEVICE_FAMILY = "1,2";
			};
			name = Release;
		};
/* End XCBuildConfiguration section */

/* Begin XCConfigurationList section */
		98E02DF92B73B98C003C3355 /* Build configuration list for PBXProject "UniForexQuiz" */ = {
			isa = XCConfigurationList;
			buildConfigurations = (
				98E02E0A2B73B98D003C3355 /* Debug */,
				98E02E0B2B73B98D003C3355 /* Release */,
			);
			defaultConfigurationIsVisible = 0;
			defaultConfigurationName = Release;
		};
		98E02E0C2B73B98D003C3355 /* Build configuration list for PBXNativeTarget "UniForexQuiz" */ = {
			isa = XCConfigurationList;
			buildConfigurations = (
				98E02E0D2B73B98D003C3355 /* Debug */,
				98E02E0E2B73B98D003C3355 /* Release */,
			);
			defaultConfigurationIsVisible = 0;
			defaultConfigurationName = Release;
		};
/* End XCConfigurationList section */
	};
	rootObject = 98E02DF62B73B98C003C3355 /* Project object */;
}
